
Microsoft Visual Studio Solution File, Format Version 12.00
# Visual Studio Version 16
VisualStudioVersion = 16.0.29613.14
MinimumVisualStudioVersion = 10.0.40219.1
Project("{8BC9CEB8-8B4A-11D0-8D11-00A0C91BC942}") = "Server", "Server\Server.vcxproj", "{22A31DB5-722F-48AA-B5BB-0ED4EC5A0EBD}"
EndProject
Project("{8BC9CEB8-8B4A-11D0-8D11-00A0C91BC942}") = "client", "client\client.vcxproj", "{AE009724-C039-4E21-B351-10F744E6E07F}"
EndProject
Global
	GlobalSection(SolutionConfigurationPlatforms) = preSolution
		Debug|x64 = Debug|x64
		Debug|x86 = Debug|x86
		Release|x64 = Release|x64
		Release|x86 = Release|x86
	EndGlobalSection
	GlobalSection(ProjectConfigurationPlatforms) = postSolution
		{22A31DB5-722F-48AA-B5BB-0ED4EC5A0EBD}.Debug|x64.ActiveCfg = Debug|x64
		{22A31DB5-722F-48AA-B5BB-0ED4EC5A0EBD}.Debug|x64.Build.0 = Debug|x64
		{22A31DB5-722F-48AA-B5BB-0ED4EC5A0EBD}.Debug|x86.ActiveCfg = Debug|Win32
		{22A31DB5-722F-48AA-B5BB-0ED4EC5A0EBD}.Debug|x86.Build.0 = Debug|Win32
		{22A31DB5-722F-48AA-B5BB-0ED4EC5A0EBD}.Release|x64.ActiveCfg = Release|x64
		{22A31DB5-722F-48AA-B5BB-0ED4EC5A0EBD}.Release|x64.Build.0 = Release|x64
		{22A31DB5-722F-48AA-B5BB-0ED4EC5A0EBD}.Release|x86.ActiveCfg = Release|Win32
		{22A31DB5-722F-48AA-B5BB-0ED4EC5A0EBD}.Release|x86.Build.0 = Release|Win32
		{AE009724-C039-4E21-B351-10F744E6E07F}.Debug|x64.ActiveCfg = Debug|x64
		{AE009724-C039-4E21-B351-10F744E6E07F}.Debug|x64.Build.0 = Debug|x64
		{AE009724-C039-4E21-B351-10F744E6E07F}.Debug|x86.ActiveCfg = Debug|Win32
		{AE009724-C039-4E21-B351-10F744E6E07F}.Debug|x86.Build.0 = Debug|Win32
		{AE009724-C039-4E21-B351-10F744E6E07F}.Release|x64.ActiveCfg = Release|x64
		{AE009724-C039-4E21-B351-10F744E6E07F}.Release|x64.Build.0 = Release|x64
		{AE009724-C039-4E21-B351-10F744E6E07F}.Release|x86.ActiveCfg = Release|Win32
		{AE009724-C039-4E21-B351-10F744E6E07F}.Release|x86.Build.0 = Release|Win32
	EndGlobalSection
	GlobalSection(SolutionProperties) = preSolution
		HideSolutionNode = FALSE
	EndGlobalSection
	GlobalSection(ExtensibilityGlobals) = postSolution
		SolutionGuid = {2525C0B8-683A-404C-AC0C-DB199419DFF6}
	EndGlobalSection
EndGlobal
